// !$*UTF8*$!
{
	archiveVersion = 1;
	classes = {
	};
	objectVersion = 77;
	objects = {

/* Begin PBXBuildFile section */
		080B5853D4D8B43E2AD6639D /* ScheduleTimeZoneTests.swift in Sources */ = {isa = PBXBuildFile; fileRef = 84A6557EA0772E7795BF3F36 /* ScheduleTimeZoneTests.swift */; };
		14C99E3DE614ECC4A92101FF /* IdleDecisionEngineTests.swift in Sources */ = {isa = PBXBuildFile; fileRef = 8F8040A6D70550A260CACCBB /* IdleDecisionEngineTests.swift */; };
		15C9B3D95B08DC55FAB78D90 /* AppDelegate.swift in Sources */ = {isa = PBXBuildFile; fileRef = 3C0452B1FF41426E7E2626CC /* AppDelegate.swift */; };
		227AF0F3A057F651F2EBA725 /* BundleHelper.swift in Sources */ = {isa = PBXBuildFile; fileRef = 2EFC1D2899308A9716AAFC72 /* BundleHelper.swift */; };
		39B73F0C4F93654E56ECA2F3 /* ScheduleManager.swift in Sources */ = {isa = PBXBuildFile; fileRef = 043CA388E0CFEE546FEB9E22 /* ScheduleManager.swift */; };
		3A3969A395878B4D1CA36699 /* ManagedAppRow.swift in Sources */ = {isa = PBXBuildFile; fileRef = 005BABB832E521107F66FD77 /* ManagedAppRow.swift */; };
		3E6C058617184C537CCF9911 /* OverviewTab.swift in Sources */ = {isa = PBXBuildFile; fileRef = CA7D5A931E4F297AE28D82B5 /* OverviewTab.swift */; };
		48FD147C88F954060118AD50 /* ProfileRenameTests.swift in Sources */ = {isa = PBXBuildFile; fileRef = 5A5A72F92173E21CB22E41C8 /* ProfileRenameTests.swift */; };
		4D5B8965FB126B3195777D26 /* PermissionGrantView.swift in Sources */ = {isa = PBXBuildFile; fileRef = DBFF789AD95B73CF03E809BB /* PermissionGrantView.swift */; };
		505ED3522DD8F54D0643522A /* Localizable.xcstrings in Resources */ = {isa = PBXBuildFile; fileRef = 34965959CC1075C68895E39C /* Localizable.xcstrings */; };
		567FC6B71457CB39779C67D4 /* Profile.swift in Sources */ = {isa = PBXBuildFile; fileRef = 1A5A278C5C2D69B68095EB10 /* Profile.swift */; };
		574E274DBEE739A9D12EA46B /* RuleManager.swift in Sources */ = {isa = PBXBuildFile; fileRef = C1E2FE194261AE0ECB157414 /* RuleManager.swift */; };
		578BA4C3E391901FF64AF600 /* IdleDetectorManager.swift in Sources */ = {isa = PBXBuildFile; fileRef = 4F858C27609C1D292EA95976 /* IdleDetectorManager.swift */; };
		6076A0726D8C629D9B851D2A /* AppDependencies.swift in Sources */ = {isa = PBXBuildFile; fileRef = 8F896107F74D6DA4222B8477 /* AppDependencies.swift */; };
		6A48BD4DF44CA981853FAFD0 /* SystemIdleProviderTests.swift in Sources */ = {isa = PBXBuildFile; fileRef = 4B5518E77C8E9460884D075E /* SystemIdleProviderTests.swift */; };
		6CB9744CC6A19B131F4B687D /* ProfileManager.swift in Sources */ = {isa = PBXBuildFile; fileRef = 3687AD3B28B2E6D8A94F56EE /* ProfileManager.swift */; };
		6E8115D3DF8EB1C82B49B021 /* PermissionManager.swift in Sources */ = {isa = PBXBuildFile; fileRef = B78D57481ED216E38C0912E8 /* PermissionManager.swift */; };
		6EA3212782AE03B6BA4B75D8 /* IdleTriggerTests.swift in Sources */ = {isa = PBXBuildFile; fileRef = 1BD86D20BCB4177694974B40 /* IdleTriggerTests.swift */; };
		6F1A0FDBDA7DDDB94C1E36E4 /* LogEntry.swift in Sources */ = {isa = PBXBuildFile; fileRef = 7EC97E5B55AF818F3333A980 /* LogEntry.swift */; };
		822895CB36B12BBC0387A561 /* AppearanceManager.swift in Sources */ = {isa = PBXBuildFile; fileRef = 8441A61B737E4DCAF77CB313 /* AppearanceManager.swift */; };
		825D14291261BE0DBC884DCB /* SleepPreventionManagerTests.swift in Sources */ = {isa = PBXBuildFile; fileRef = 992977527978FA1A82E0886D /* SleepPreventionManagerTests.swift */; };
		872E1FA4793EF41FB3A14031 /* MenuBarManager.swift in Sources */ = {isa = PBXBuildFile; fileRef = 9C31B9841597A794E9842C5B /* MenuBarManager.swift */; };
		9384E1112B9D438BBEBB5AC9 /* InlineRuleEditor.swift in Sources */ = {isa = PBXBuildFile; fileRef = 74B6DE915A2812E460251242 /* InlineRuleEditor.swift */; };
		9622C85F022EAA0AC189A162 /* AppRule.swift in Sources */ = {isa = PBXBuildFile; fileRef = C1285751112BE70D2F126DF9 /* AppRule.swift */; };
		99AB480A8492AD7AD2F04B29 /* SystemIdleProvider.swift in Sources */ = {isa = PBXBuildFile; fileRef = 4F7FDF9DC1BFCB2295B6C668 /* SystemIdleProvider.swift */; };
		9B416BF81FE44222DD26E65C /* AppIconProvider.swift in Sources */ = {isa = PBXBuildFile; fileRef = F85800472F5E674F01D19C75 /* AppIconProvider.swift */; };
		A1CF9B3BE7E0DDFF5BCC4EF6 /* FocusedAppProvider.swift in Sources */ = {isa = PBXBuildFile; fileRef = 41679DBDACAB59C2CCC4CABA /* FocusedAppProvider.swift */; };
		A500F8828724BD65E8A432F9 /* AppInfo.swift in Sources */ = {isa = PBXBuildFile; fileRef = F7B3F4878BB5365373A3E99C /* AppInfo.swift */; };
		A78D0326A9FE6FA6C9504608 /* MenuBarContentView.swift in Sources */ = {isa = PBXBuildFile; fileRef = FF6E747C53FE590888EE845D /* MenuBarContentView.swift */; };
		A8A41EF557ABDA070B421BF2 /* IdleTriggerPicker.swift in Sources */ = {isa = PBXBuildFile; fileRef = 36D97F3A5AAE03726D5DE416 /* IdleTriggerPicker.swift */; };
		A94D6CAF5A608C0B0E1BAD3B /* AppActionManager.swift in Sources */ = {isa = PBXBuildFile; fileRef = 42A48974E32605E601CF7CE4 /* AppActionManager.swift */; };
		AB48EDE9EDE0B363D71B35B0 /* SleepPreventionManager.swift in Sources */ = {isa = PBXBuildFile; fileRef = 910AF087E5DFED60D689296D /* SleepPreventionManager.swift */; };
		AC38501EF0FBF4CBA30B26A4 /* UpdateManager.swift in Sources */ = {isa = PBXBuildFile; fileRef = ADA842C974E43ADAEC5A498C /* UpdateManager.swift */; };
		AE341AAA2F4A13E8F9E01299 /* LanguageManager.swift in Sources */ = {isa = PBXBuildFile; fileRef = 56ABF4345B57170F7B0261C7 /* LanguageManager.swift */; };
		BA0D19387202CDC37029BAE6 /* TimeTrigger.swift in Sources */ = {isa = PBXBuildFile; fileRef = 665F9759F426D901A107C5C3 /* TimeTrigger.swift */; };
		BC291338C7FC9F6B2BA63A97 /* LogManager.swift in Sources */ = {isa = PBXBuildFile; fileRef = B180C6DE0819157A44D92245 /* LogManager.swift */; };
		C0B1C3B31F97BCE6DA4FB024 /* Assets.xcassets in Resources */ = {isa = PBXBuildFile; fileRef = C4C4C6E1DE2DA6233CA09A6A /* Assets.xcassets */; };
		C1FFCBEE28B10C77ACCA39E4 /* AutoToggleTests.swift in Sources */ = {isa = PBXBuildFile; fileRef = 9982B4F6A82FB9CD284636FD /* AutoToggleTests.swift */; };
		C49EB461576D0FBD43C36A6E /* AppPickerOverlay.swift in Sources */ = {isa = PBXBuildFile; fileRef = 73F804E7195FC70954D70E3B /* AppPickerOverlay.swift */; };
		C515160BF552152258482895 /* PermissionManagerTests.swift in Sources */ = {isa = PBXBuildFile; fileRef = CB429E9215477BB725B419CE /* PermissionManagerTests.swift */; };
		C9CC23D88968A1ABD3E902AE /* AppTab.swift in Sources */ = {isa = PBXBuildFile; fileRef = BDF11B7A0ECCB49AD34D4E15 /* AppTab.swift */; };
		CF412D2EF27B9CAB1790FE4C /* MenuBarController.swift in Sources */ = {isa = PBXBuildFile; fileRef = 4BDC0F7450240A551E8A6E0F /* MenuBarController.swift */; };
		D5BFF9B2C1EE14A0DCCF7C7E /* IdleDetectorManagerTests.swift in Sources */ = {isa = PBXBuildFile; fileRef = 99A1B43AA34F0DB25AE01A5C /* IdleDetectorManagerTests.swift */; };
		D7158E07B909403D0D1B748D /* SettingsTab.swift in Sources */ = {isa = PBXBuildFile; fileRef = 112BAF0FB175B3B34C6B140D /* SettingsTab.swift */; };
		D877AE2AFEF8CE4DC4B98C0A /* AutoToggleApp.swift in Sources */ = {isa = PBXBuildFile; fileRef = 27DF812B42A0F3010FF2E7EC /* AutoToggleApp.swift */; };
		DC0F730B53AB8451EA523ABC /* IdleDecisionEngine.swift in Sources */ = {isa = PBXBuildFile; fileRef = A0703F07CB346C05686E9504 /* IdleDecisionEngine.swift */; };
		DCAF45D582D166EF427BA45A /* TimeTriggerPicker.swift in Sources */ = {isa = PBXBuildFile; fileRef = D2BD729B0657AB40D15DC9E6 /* TimeTriggerPicker.swift */; };
		DEFB46EE7AAC54AB17AEB7C0 /* AppMonitorManager.swift in Sources */ = {isa = PBXBuildFile; fileRef = 13EBFF8E0694B1EB4C1B160C /* AppMonitorManager.swift */; };
		E17F63AF440EF8D90EE858CF /* Sparkle in Frameworks */ = {isa = PBXBuildFile; productRef = 7E743872C0529B531D434AF2 /* Sparkle */; };
		E5263B2448619B7A1EC16072 /* AppSortHelper.swift in Sources */ = {isa = PBXBuildFile; fileRef = 481F9327F99C28DC024E504A /* AppSortHelper.swift */; };
		E9C1B05341AE2BBBADF670A5 /* MainWindowView.swift in Sources */ = {isa = PBXBuildFile; fileRef = 6EC574AF9EFFC13C26F02B6A /* MainWindowView.swift */; };
		F65F2BA19D7B464ED724A0F0 /* LogsTab.swift in Sources */ = {isa = PBXBuildFile; fileRef = 8C34581249B34158D359E255 /* LogsTab.swift */; };
/* End PBXBuildFile section */

/* Begin PBXContainerItemProxy section */
		A9A5B98A1345014A0A3BF6FF /* PBXContainerItemProxy */ = {
			isa = PBXContainerItemProxy;
			containerPortal = 3095CC4C294F556E88F0C547 /* Project object */;
			proxyType = 1;
			remoteGlobalIDString = C0E40DC404B6E2C6EC273C75;
			remoteInfo = AutoToggle;
		};
/* End PBXContainerItemProxy section */

/* Begin PBXFileReference section */
		005BABB832E521107F66FD77 /* ManagedAppRow.swift */ = {isa = PBXFileReference; lastKnownFileType = sourcecode.swift; path = ManagedAppRow.swift; sourceTree = "<group>"; };
		043CA388E0CFEE546FEB9E22 /* ScheduleManager.swift */ = {isa = PBXFileReference; lastKnownFileType = sourcecode.swift; path = ScheduleManager.swift; sourceTree = "<group>"; };
		10BBE77130F5677A143612CA /* AutoToggle.entitlements */ = {isa = PBXFileReference; lastKnownFileType = text.plist.entitlements; path = AutoToggle.entitlements; sourceTree = "<group>"; };
		112BAF0FB175B3B34C6B140D /* SettingsTab.swift */ = {isa = PBXFileReference; lastKnownFileType = sourcecode.swift; path = SettingsTab.swift; sourceTree = "<group>"; };
		13EBFF8E0694B1EB4C1B160C /* AppMonitorManager.swift */ = {isa = PBXFileReference; lastKnownFileType = sourcecode.swift; path = AppMonitorManager.swift; sourceTree = "<group>"; };
		1A5A278C5C2D69B68095EB10 /* Profile.swift */ = {isa = PBXFileReference; lastKnownFileType = sourcecode.swift; path = Profile.swift; sourceTree = "<group>"; };
		1BD86D20BCB4177694974B40 /* IdleTriggerTests.swift */ = {isa = PBXFileReference; lastKnownFileType = sourcecode.swift; path = IdleTriggerTests.swift; sourceTree = "<group>"; };
		27DF812B42A0F3010FF2E7EC /* AutoToggleApp.swift */ = {isa = PBXFileReference; lastKnownFileType = sourcecode.swift; path = AutoToggleApp.swift; sourceTree = "<group>"; };
		2EFC1D2899308A9716AAFC72 /* BundleHelper.swift */ = {isa = PBXFileReference; lastKnownFileType = sourcecode.swift; path = BundleHelper.swift; sourceTree = "<group>"; };
		34965959CC1075C68895E39C /* Localizable.xcstrings */ = {isa = PBXFileReference; lastKnownFileType = text.json.xcstrings; path = Localizable.xcstrings; sourceTree = "<group>"; };
		3687AD3B28B2E6D8A94F56EE /* ProfileManager.swift */ = {isa = PBXFileReference; lastKnownFileType = sourcecode.swift; path = ProfileManager.swift; sourceTree = "<group>"; };
		36D97F3A5AAE03726D5DE416 /* IdleTriggerPicker.swift */ = {isa = PBXFileReference; lastKnownFileType = sourcecode.swift; path = IdleTriggerPicker.swift; sourceTree = "<group>"; };
		3C0452B1FF41426E7E2626CC /* AppDelegate.swift */ = {isa = PBXFileReference; lastKnownFileType = sourcecode.swift; path = AppDelegate.swift; sourceTree = "<group>"; };
		41679DBDACAB59C2CCC4CABA /* FocusedAppProvider.swift */ = {isa = PBXFileReference; lastKnownFileType = sourcecode.swift; path = FocusedAppProvider.swift; sourceTree = "<group>"; };
		42A48974E32605E601CF7CE4 /* AppActionManager.swift */ = {isa = PBXFileReference; lastKnownFileType = sourcecode.swift; path = AppActionManager.swift; sourceTree = "<group>"; };
		481F9327F99C28DC024E504A /* AppSortHelper.swift */ = {isa = PBXFileReference; lastKnownFileType = sourcecode.swift; path = AppSortHelper.swift; sourceTree = "<group>"; };
		4B5518E77C8E9460884D075E /* SystemIdleProviderTests.swift */ = {isa = PBXFileReference; lastKnownFileType = sourcecode.swift; path = SystemIdleProviderTests.swift; sourceTree = "<group>"; };
		4BDC0F7450240A551E8A6E0F /* MenuBarController.swift */ = {isa = PBXFileReference; lastKnownFileType = sourcecode.swift; path = MenuBarController.swift; sourceTree = "<group>"; };
		4F7FDF9DC1BFCB2295B6C668 /* SystemIdleProvider.swift */ = {isa = PBXFileReference; lastKnownFileType = sourcecode.swift; path = SystemIdleProvider.swift; sourceTree = "<group>"; };
		4F858C27609C1D292EA95976 /* IdleDetectorManager.swift */ = {isa = PBXFileReference; lastKnownFileType = sourcecode.swift; path = IdleDetectorManager.swift; sourceTree = "<group>"; };
		56ABF4345B57170F7B0261C7 /* LanguageManager.swift */ = {isa = PBXFileReference; lastKnownFileType = sourcecode.swift; path = LanguageManager.swift; sourceTree = "<group>"; };
		5A5A72F92173E21CB22E41C8 /* ProfileRenameTests.swift */ = {isa = PBXFileReference; lastKnownFileType = sourcecode.swift; path = ProfileRenameTests.swift; sourceTree = "<group>"; };
		665F9759F426D901A107C5C3 /* TimeTrigger.swift */ = {isa = PBXFileReference; lastKnownFileType = sourcecode.swift; path = TimeTrigger.swift; sourceTree = "<group>"; };
		6EC574AF9EFFC13C26F02B6A /* MainWindowView.swift */ = {isa = PBXFileReference; lastKnownFileType = sourcecode.swift; path = MainWindowView.swift; sourceTree = "<group>"; };
		73F804E7195FC70954D70E3B /* AppPickerOverlay.swift */ = {isa = PBXFileReference; lastKnownFileType = sourcecode.swift; path = AppPickerOverlay.swift; sourceTree = "<group>"; };
		74B6DE915A2812E460251242 /* InlineRuleEditor.swift */ = {isa = PBXFileReference; lastKnownFileType = sourcecode.swift; path = InlineRuleEditor.swift; sourceTree = "<group>"; };
		7CD5E36FAB14F2E1850C5C64 /* Info.plist */ = {isa = PBXFileReference; lastKnownFileType = text.plist; path = Info.plist; sourceTree = "<group>"; };
		7EC97E5B55AF818F3333A980 /* LogEntry.swift */ = {isa = PBXFileReference; lastKnownFileType = sourcecode.swift; path = LogEntry.swift; sourceTree = "<group>"; };
		8441A61B737E4DCAF77CB313 /* AppearanceManager.swift */ = {isa = PBXFileReference; lastKnownFileType = sourcecode.swift; path = AppearanceManager.swift; sourceTree = "<group>"; };
		84A6557EA0772E7795BF3F36 /* ScheduleTimeZoneTests.swift */ = {isa = PBXFileReference; lastKnownFileType = sourcecode.swift; path = ScheduleTimeZoneTests.swift; sourceTree = "<group>"; };
		8C34581249B34158D359E255 /* LogsTab.swift */ = {isa = PBXFileReference; lastKnownFileType = sourcecode.swift; path = LogsTab.swift; sourceTree = "<group>"; };
		8F8040A6D70550A260CACCBB /* IdleDecisionEngineTests.swift */ = {isa = PBXFileReference; lastKnownFileType = sourcecode.swift; path = IdleDecisionEngineTests.swift; sourceTree = "<group>"; };
		8F896107F74D6DA4222B8477 /* AppDependencies.swift */ = {isa = PBXFileReference; lastKnownFileType = sourcecode.swift; path = AppDependencies.swift; sourceTree = "<group>"; };
		910AF087E5DFED60D689296D /* SleepPreventionManager.swift */ = {isa = PBXFileReference; lastKnownFileType = sourcecode.swift; path = SleepPreventionManager.swift; sourceTree = "<group>"; };
		992977527978FA1A82E0886D /* SleepPreventionManagerTests.swift */ = {isa = PBXFileReference; lastKnownFileType = sourcecode.swift; path = SleepPreventionManagerTests.swift; sourceTree = "<group>"; };
		9982B4F6A82FB9CD284636FD /* AutoToggleTests.swift */ = {isa = PBXFileReference; lastKnownFileType = sourcecode.swift; path = AutoToggleTests.swift; sourceTree = "<group>"; };
		99A1B43AA34F0DB25AE01A5C /* IdleDetectorManagerTests.swift */ = {isa = PBXFileReference; lastKnownFileType = sourcecode.swift; path = IdleDetectorManagerTests.swift; sourceTree = "<group>"; };
		9C31B9841597A794E9842C5B /* MenuBarManager.swift */ = {isa = PBXFileReference; lastKnownFileType = sourcecode.swift; path = MenuBarManager.swift; sourceTree = "<group>"; };
		A0703F07CB346C05686E9504 /* IdleDecisionEngine.swift */ = {isa = PBXFileReference; lastKnownFileType = sourcecode.swift; path = IdleDecisionEngine.swift; sourceTree = "<group>"; };
		AD13F2BDA7D6BC655A79A2C3 /* AutoToggle.app */ = {isa = PBXFileReference; explicitFileType = wrapper.application; includeInIndex = 0; path = AutoToggle.app; sourceTree = BUILT_PRODUCTS_DIR; };
		ADA842C974E43ADAEC5A498C /* UpdateManager.swift */ = {isa = PBXFileReference; lastKnownFileType = sourcecode.swift; path = UpdateManager.swift; sourceTree = "<group>"; };
		B180C6DE0819157A44D92245 /* LogManager.swift */ = {isa = PBXFileReference; lastKnownFileType = sourcecode.swift; path = LogManager.swift; sourceTree = "<group>"; };
		B506D2D300763BDBBD99C57F /* AutoToggleTests.xctest */ = {isa = PBXFileReference; explicitFileType = wrapper.cfbundle; includeInIndex = 0; path = AutoToggleTests.xctest; sourceTree = BUILT_PRODUCTS_DIR; };
		B78D57481ED216E38C0912E8 /* PermissionManager.swift */ = {isa = PBXFileReference; lastKnownFileType = sourcecode.swift; path = PermissionManager.swift; sourceTree = "<group>"; };
		BDF11B7A0ECCB49AD34D4E15 /* AppTab.swift */ = {isa = PBXFileReference; lastKnownFileType = sourcecode.swift; path = AppTab.swift; sourceTree = "<group>"; };
		C1285751112BE70D2F126DF9 /* AppRule.swift */ = {isa = PBXFileReference; lastKnownFileType = sourcecode.swift; path = AppRule.swift; sourceTree = "<group>"; };
		C1E2FE194261AE0ECB157414 /* RuleManager.swift */ = {isa = PBXFileReference; lastKnownFileType = sourcecode.swift; path = RuleManager.swift; sourceTree = "<group>"; };
		C4C4C6E1DE2DA6233CA09A6A /* Assets.xcassets */ = {isa = PBXFileReference; lastKnownFileType = folder.assetcatalog; path = Assets.xcassets; sourceTree = "<group>"; };
		CA7D5A931E4F297AE28D82B5 /* OverviewTab.swift */ = {isa = PBXFileReference; lastKnownFileType = sourcecode.swift; path = OverviewTab.swift; sourceTree = "<group>"; };
		CB429E9215477BB725B419CE /* PermissionManagerTests.swift */ = {isa = PBXFileReference; lastKnownFileType = sourcecode.swift; path = PermissionManagerTests.swift; sourceTree = "<group>"; };
		D2BD729B0657AB40D15DC9E6 /* TimeTriggerPicker.swift */ = {isa = PBXFileReference; lastKnownFileType = sourcecode.swift; path = TimeTriggerPicker.swift; sourceTree = "<group>"; };
		DBFF789AD95B73CF03E809BB /* PermissionGrantView.swift */ = {isa = PBXFileReference; lastKnownFileType = sourcecode.swift; path = PermissionGrantView.swift; sourceTree = "<group>"; };
		F7B3F4878BB5365373A3E99C /* AppInfo.swift */ = {isa = PBXFileReference; lastKnownFileType = sourcecode.swift; path = AppInfo.swift; sourceTree = "<group>"; };
		F85800472F5E674F01D19C75 /* AppIconProvider.swift */ = {isa = PBXFileReference; lastKnownFileType = sourcecode.swift; path = AppIconProvider.swift; sourceTree = "<group>"; };
		FF6E747C53FE590888EE845D /* MenuBarContentView.swift */ = {isa = PBXFileReference; lastKnownFileType = sourcecode.swift; path = MenuBarContentView.swift; sourceTree = "<group>"; };
/* End PBXFileReference section */

/* Begin PBXFrameworksBuildPhase section */
		F3A9F6642EE218E6737CAE73 /* Frameworks */ = {
			isa = PBXFrameworksBuildPhase;
			buildActionMask = 2147483647;
			files = (
				E17F63AF440EF8D90EE858CF /* Sparkle in Frameworks */,
			);
			runOnlyForDeploymentPostprocessing = 0;
		};
/* End PBXFrameworksBuildPhase section */

/* Begin PBXGroup section */
		2D752FF717AAEC1D9FFF9832 /* MainWindow */ = {
			isa = PBXGroup;
			children = (
				BDF11B7A0ECCB49AD34D4E15 /* AppTab.swift */,
				8C34581249B34158D359E255 /* LogsTab.swift */,
				6EC574AF9EFFC13C26F02B6A /* MainWindowView.swift */,
				CA7D5A931E4F297AE28D82B5 /* OverviewTab.swift */,
				112BAF0FB175B3B34C6B140D /* SettingsTab.swift */,
			);
			path = MainWindow;
			sourceTree = "<group>";
		};
		3A322F3950A9F2147A7ABF49 /* Models */ = {
			isa = PBXGroup;
			children = (
				F7B3F4878BB5365373A3E99C /* AppInfo.swift */,
				C1285751112BE70D2F126DF9 /* AppRule.swift */,
				7EC97E5B55AF818F3333A980 /* LogEntry.swift */,
				1A5A278C5C2D69B68095EB10 /* Profile.swift */,
				665F9759F426D901A107C5C3 /* TimeTrigger.swift */,
			);
			path = Models;
			sourceTree = "<group>";
		};
		5AEB8B6C01AFBDD6CB5F2DCA /* Resources */ = {
			isa = PBXGroup;
			children = (
				C4C4C6E1DE2DA6233CA09A6A /* Assets.xcassets */,
				34965959CC1075C68895E39C /* Localizable.xcstrings */,
			);
			path = Resources;
			sourceTree = "<group>";
		};
		6461333DA71A7E83A9A0F41F = {
			isa = PBXGroup;
			children = (
				95028D081224B667131EE026 /* AutoToggle */,
				F36237035D082F8B73F5426A /* AutoToggleTests */,
				A8E29E8434EB5FFCEB2E0A82 /* Products */,
			);
			sourceTree = "<group>";
		};
		93911DE814BB6290D92E0A97 /* Managers */ = {
			isa = PBXGroup;
			children = (
				42A48974E32605E601CF7CE4 /* AppActionManager.swift */,
				8441A61B737E4DCAF77CB313 /* AppearanceManager.swift */,
				13EBFF8E0694B1EB4C1B160C /* AppMonitorManager.swift */,
				41679DBDACAB59C2CCC4CABA /* FocusedAppProvider.swift */,
				A0703F07CB346C05686E9504 /* IdleDecisionEngine.swift */,
				4F858C27609C1D292EA95976 /* IdleDetectorManager.swift */,
				B180C6DE0819157A44D92245 /* LogManager.swift */,
				4BDC0F7450240A551E8A6E0F /* MenuBarController.swift */,
				9C31B9841597A794E9842C5B /* MenuBarManager.swift */,
				B78D57481ED216E38C0912E8 /* PermissionManager.swift */,
				3687AD3B28B2E6D8A94F56EE /* ProfileManager.swift */,
				C1E2FE194261AE0ECB157414 /* RuleManager.swift */,
				043CA388E0CFEE546FEB9E22 /* ScheduleManager.swift */,
				910AF087E5DFED60D689296D /* SleepPreventionManager.swift */,
				4F7FDF9DC1BFCB2295B6C668 /* SystemIdleProvider.swift */,
				ADA842C974E43ADAEC5A498C /* UpdateManager.swift */,
			);
			path = Managers;
			sourceTree = "<group>";
		};
		95028D081224B667131EE026 /* AutoToggle */ = {
			isa = PBXGroup;
			children = (
				3C0452B1FF41426E7E2626CC /* AppDelegate.swift */,
				8F896107F74D6DA4222B8477 /* AppDependencies.swift */,
				10BBE77130F5677A143612CA /* AutoToggle.entitlements */,
				27DF812B42A0F3010FF2E7EC /* AutoToggleApp.swift */,
				7CD5E36FAB14F2E1850C5C64 /* Info.plist */,
				93911DE814BB6290D92E0A97 /* Managers */,
				3A322F3950A9F2147A7ABF49 /* Models */,
				5AEB8B6C01AFBDD6CB5F2DCA /* Resources */,
				969E649BB0568C2EB5148952 /* Utilities */,
				E19D9A4D7EB1537708B4D38B /* Views */,
			);
			path = AutoToggle;
			sourceTree = "<group>";
		};
		969E649BB0568C2EB5148952 /* Utilities */ = {
			isa = PBXGroup;
			children = (
				F85800472F5E674F01D19C75 /* AppIconProvider.swift */,
				481F9327F99C28DC024E504A /* AppSortHelper.swift */,
				2EFC1D2899308A9716AAFC72 /* BundleHelper.swift */,
				56ABF4345B57170F7B0261C7 /* LanguageManager.swift */,
			);
			path = Utilities;
			sourceTree = "<group>";
		};
		98BD686A7DB8D5F8B132A4D9 /* Settings */ = {
			isa = PBXGroup;
			children = (
				73F804E7195FC70954D70E3B /* AppPickerOverlay.swift */,
				36D97F3A5AAE03726D5DE416 /* IdleTriggerPicker.swift */,
				74B6DE915A2812E460251242 /* InlineRuleEditor.swift */,
				D2BD729B0657AB40D15DC9E6 /* TimeTriggerPicker.swift */,
			);
			path = Settings;
			sourceTree = "<group>";
		};
		A8E29E8434EB5FFCEB2E0A82 /* Products */ = {
			isa = PBXGroup;
			children = (
				AD13F2BDA7D6BC655A79A2C3 /* AutoToggle.app */,
				B506D2D300763BDBBD99C57F /* AutoToggleTests.xctest */,
			);
			name = Products;
			sourceTree = "<group>";
		};
		CE0B9154A7C1B6202E0097EE /* MenuBar */ = {
			isa = PBXGroup;
			children = (
				005BABB832E521107F66FD77 /* ManagedAppRow.swift */,
				FF6E747C53FE590888EE845D /* MenuBarContentView.swift */,
			);
			path = MenuBar;
			sourceTree = "<group>";
		};
		D06C586C8BFCF118CB067F64 /* Onboarding */ = {
			isa = PBXGroup;
			children = (
				DBFF789AD95B73CF03E809BB /* PermissionGrantView.swift */,
			);
			path = Onboarding;
			sourceTree = "<group>";
		};
		E19D9A4D7EB1537708B4D38B /* Views */ = {
			isa = PBXGroup;
			children = (
				2D752FF717AAEC1D9FFF9832 /* MainWindow */,
				CE0B9154A7C1B6202E0097EE /* MenuBar */,
				D06C586C8BFCF118CB067F64 /* Onboarding */,
				98BD686A7DB8D5F8B132A4D9 /* Settings */,
			);
			path = Views;
			sourceTree = "<group>";
		};
		F36237035D082F8B73F5426A /* AutoToggleTests */ = {
			isa = PBXGroup;
			children = (
				9982B4F6A82FB9CD284636FD /* AutoToggleTests.swift */,
				8F8040A6D70550A260CACCBB /* IdleDecisionEngineTests.swift */,
				99A1B43AA34F0DB25AE01A5C /* IdleDetectorManagerTests.swift */,
				1BD86D20BCB4177694974B40 /* IdleTriggerTests.swift */,
				CB429E9215477BB725B419CE /* PermissionManagerTests.swift */,
				5A5A72F92173E21CB22E41C8 /* ProfileRenameTests.swift */,
				84A6557EA0772E7795BF3F36 /* ScheduleTimeZoneTests.swift */,
				992977527978FA1A82E0886D /* SleepPreventionManagerTests.swift */,
				4B5518E77C8E9460884D075E /* SystemIdleProviderTests.swift */,
			);
			path = AutoToggleTests;
			sourceTree = "<group>";
		};
/* End PBXGroup section */

/* Begin PBXNativeTarget section */
		C0E40DC404B6E2C6EC273C75 /* AutoToggle */ = {
			isa = PBXNativeTarget;
			buildConfigurationList = AD3C2395B7B589C65E1688FB /* Build configuration list for PBXNativeTarget "AutoToggle" */;
			buildPhases = (
				22653B6A1F3CDFC50BC53EA5 /* SwiftLint */,
				29B73F8663F87869614B12C2 /* Sources */,
				CF5E2D943A572C13030C4171 /* Resources */,
				F3A9F6642EE218E6737CAE73 /* Frameworks */,
			);
			buildRules = (
			);
			dependencies = (
			);
			name = AutoToggle;
			packageProductDependencies = (
				7E743872C0529B531D434AF2 /* Sparkle */,
			);
			productName = AutoToggle;
			productReference = AD13F2BDA7D6BC655A79A2C3 /* AutoToggle.app */;
			productType = "com.apple.product-type.application";
		};
		DCA511D045E067AFE9E25A3C /* AutoToggleTests */ = {
			isa = PBXNativeTarget;
			buildConfigurationList = DD3B4489F2D330189BF76BA2 /* Build configuration list for PBXNativeTarget "AutoToggleTests" */;
			buildPhases = (
				C95736906E8DE7D5727C7350 /* Sources */,
			);
			buildRules = (
			);
			dependencies = (
				4D07B134FBFB613E1A6964A1 /* PBXTargetDependency */,
			);
			name = AutoToggleTests;
			packageProductDependencies = (
			);
			productName = AutoToggleTests;
			productReference = B506D2D300763BDBBD99C57F /* AutoToggleTests.xctest */;
			productType = "com.apple.product-type.bundle.unit-test";
		};
/* End PBXNativeTarget section */

/* Begin PBXProject section */
		3095CC4C294F556E88F0C547 /* Project object */ = {
			isa = PBXProject;
			attributes = {
				BuildIndependentTargetsInParallel = YES;
				LastUpgradeCheck = 2600;
				TargetAttributes = {
					C0E40DC404B6E2C6EC273C75 = {
						ProvisioningStyle = Manual;
					};
				};
			};
			buildConfigurationList = 89219E71D3F75C74C0A084E7 /* Build configuration list for PBXProject "AutoToggle" */;
			developmentRegion = "zh-Hans";
			hasScannedForEncodings = 0;
			knownRegions = (
				Base,
				en,
				"zh-Hans",
			);
			mainGroup = 6461333DA71A7E83A9A0F41F;
			minimizedProjectReferenceProxies = 1;
			packageReferences = (
				004B994EF3AF11C1C022F99B /* XCRemoteSwiftPackageReference "Sparkle" */,
			);
			preferredProjectObjectVersion = 77;
			productRefGroup = A8E29E8434EB5FFCEB2E0A82 /* Products */;
			projectDirPath = "";
			projectRoot = "";
			targets = (
				C0E40DC404B6E2C6EC273C75 /* AutoToggle */,
				DCA511D045E067AFE9E25A3C /* AutoToggleTests */,
			);
		};
/* End PBXProject section */

/* Begin PBXResourcesBuildPhase section */
		CF5E2D943A572C13030C4171 /* Resources */ = {
			isa = PBXResourcesBuildPhase;
			buildActionMask = 2147483647;
			files = (
				C0B1C3B31F97BCE6DA4FB024 /* Assets.xcassets in Resources */,
				505ED3522DD8F54D0643522A /* Localizable.xcstrings in Resources */,
			);
			runOnlyForDeploymentPostprocessing = 0;
		};
/* End PBXResourcesBuildPhase section */

/* Begin PBXShellScriptBuildPhase section */
		22653B6A1F3CDFC50BC53EA5 /* SwiftLint */ = {
			isa = PBXShellScriptBuildPhase;
			alwaysOutOfDate = 1;
			buildActionMask = 2147483647;
			files = (
			);
			inputFileListPaths = (
			);
			inputPaths = (
			);
			name = SwiftLint;
			outputFileListPaths = (
			);
			outputPaths = (
			);
			runOnlyForDeploymentPostprocessing = 0;
			shellPath = /bin/sh;
			shellScript = "if which swiftlint > /dev/null; then\n  swiftlint\nfi\n";
		};
/* End PBXShellScriptBuildPhase section */

/* Begin PBXSourcesBuildPhase section */
		29B73F8663F87869614B12C2 /* Sources */ = {
			isa = PBXSourcesBuildPhase;
			buildActionMask = 2147483647;
			files = (
				A94D6CAF5A608C0B0E1BAD3B /* AppActionManager.swift in Sources */,
				15C9B3D95B08DC55FAB78D90 /* AppDelegate.swift in Sources */,
				6076A0726D8C629D9B851D2A /* AppDependencies.swift in Sources */,
				9B416BF81FE44222DD26E65C /* AppIconProvider.swift in Sources */,
				A500F8828724BD65E8A432F9 /* AppInfo.swift in Sources */,
				DEFB46EE7AAC54AB17AEB7C0 /* AppMonitorManager.swift in Sources */,
				C49EB461576D0FBD43C36A6E /* AppPickerOverlay.swift in Sources */,
				9622C85F022EAA0AC189A162 /* AppRule.swift in Sources */,
				E5263B2448619B7A1EC16072 /* AppSortHelper.swift in Sources */,
				C9CC23D88968A1ABD3E902AE /* AppTab.swift in Sources */,
				822895CB36B12BBC0387A561 /* AppearanceManager.swift in Sources */,
				D877AE2AFEF8CE4DC4B98C0A /* AutoToggleApp.swift in Sources */,
				227AF0F3A057F651F2EBA725 /* BundleHelper.swift in Sources */,
				A1CF9B3BE7E0DDFF5BCC4EF6 /* FocusedAppProvider.swift in Sources */,
				DC0F730B53AB8451EA523ABC /* IdleDecisionEngine.swift in Sources */,
				578BA4C3E391901FF64AF600 /* IdleDetectorManager.swift in Sources */,
				A8A41EF557ABDA070B421BF2 /* IdleTriggerPicker.swift in Sources */,
				9384E1112B9D438BBEBB5AC9 /* InlineRuleEditor.swift in Sources */,
				AE341AAA2F4A13E8F9E01299 /* LanguageManager.swift in Sources */,
				6F1A0FDBDA7DDDB94C1E36E4 /* LogEntry.swift in Sources */,
				BC291338C7FC9F6B2BA63A97 /* LogManager.swift in Sources */,
				F65F2BA19D7B464ED724A0F0 /* LogsTab.swift in Sources */,
				E9C1B05341AE2BBBADF670A5 /* MainWindowView.swift in Sources */,
				3A3969A395878B4D1CA36699 /* ManagedAppRow.swift in Sources */,
				A78D0326A9FE6FA6C9504608 /* MenuBarContentView.swift in Sources */,
				CF412D2EF27B9CAB1790FE4C /* MenuBarController.swift in Sources */,
				872E1FA4793EF41FB3A14031 /* MenuBarManager.swift in Sources */,
				3E6C058617184C537CCF9911 /* OverviewTab.swift in Sources */,
				4D5B8965FB126B3195777D26 /* PermissionGrantView.swift in Sources */,
				6E8115D3DF8EB1C82B49B021 /* PermissionManager.swift in Sources */,
				567FC6B71457CB39779C67D4 /* Profile.swift in Sources */,
				6CB9744CC6A19B131F4B687D /* ProfileManager.swift in Sources */,
				574E274DBEE739A9D12EA46B /* RuleManager.swift in Sources */,
				39B73F0C4F93654E56ECA2F3 /* ScheduleManager.swift in Sources */,
				D7158E07B909403D0D1B748D /* SettingsTab.swift in Sources */,
				AB48EDE9EDE0B363D71B35B0 /* SleepPreventionManager.swift in Sources */,
				99AB480A8492AD7AD2F04B29 /* SystemIdleProvider.swift in Sources */,
				BA0D19387202CDC37029BAE6 /* TimeTrigger.swift in Sources */,
				DCAF45D582D166EF427BA45A /* TimeTriggerPicker.swift in Sources */,
				AC38501EF0FBF4CBA30B26A4 /* UpdateManager.swift in Sources */,
			);
			runOnlyForDeploymentPostprocessing = 0;
		};
		C95736906E8DE7D5727C7350 /* Sources */ = {
			isa = PBXSourcesBuildPhase;
			buildActionMask = 2147483647;
			files = (
				C1FFCBEE28B10C77ACCA39E4 /* AutoToggleTests.swift in Sources */,
				14C99E3DE614ECC4A92101FF /* IdleDecisionEngineTests.swift in Sources */,
				D5BFF9B2C1EE14A0DCCF7C7E /* IdleDetectorManagerTests.swift in Sources */,
				6EA3212782AE03B6BA4B75D8 /* IdleTriggerTests.swift in Sources */,
				C515160BF552152258482895 /* PermissionManagerTests.swift in Sources */,
				48FD147C88F954060118AD50 /* ProfileRenameTests.swift in Sources */,
				080B5853D4D8B43E2AD6639D /* ScheduleTimeZoneTests.swift in Sources */,
				825D14291261BE0DBC884DCB /* SleepPreventionManagerTests.swift in Sources */,
				6A48BD4DF44CA981853FAFD0 /* SystemIdleProviderTests.swift in Sources */,
			);
			runOnlyForDeploymentPostprocessing = 0;
		};
/* End PBXSourcesBuildPhase section */

/* Begin PBXTargetDependency section */
		4D07B134FBFB613E1A6964A1 /* PBXTargetDependency */ = {
			isa = PBXTargetDependency;
			target = C0E40DC404B6E2C6EC273C75 /* AutoToggle */;
			targetProxy = A9A5B98A1345014A0A3BF6FF /* PBXContainerItemProxy */;
		};
/* End PBXTargetDependency section */

/* Begin XCBuildConfiguration section */
		62679022E420655F495E5D0D /* Release */ = {
			isa = XCBuildConfiguration;
			buildSettings = {
				ALWAYS_SEARCH_USER_PATHS = NO;
				CLANG_ANALYZER_NONNULL = YES;
				CLANG_ANALYZER_NUMBER_OBJECT_CONVERSION = YES_AGGRESSIVE;
				CLANG_CXX_LANGUAGE_STANDARD = "gnu++14";
				CLANG_CXX_LIBRARY = "libc++";
				CLANG_ENABLE_MODULES = YES;
				CLANG_ENABLE_OBJC_ARC = YES;
				CLANG_ENABLE_OBJC_WEAK = YES;
				CLANG_WARN_BLOCK_CAPTURE_AUTORELEASING = YES;
				CLANG_WARN_BOOL_CONVERSION = YES;
				CLANG_WARN_COMMA = YES;
				CLANG_WARN_CONSTANT_CONVERSION = YES;
				CLANG_WARN_DEPRECATED_OBJC_IMPLEMENTATIONS = YES;
				CLANG_WARN_DIRECT_OBJC_ISA_USAGE = YES_ERROR;
				CLANG_WARN_DOCUMENTATION_COMMENTS = YES;
				CLANG_WARN_EMPTY_BODY = YES;
				CLANG_WARN_ENUM_CONVERSION = YES;
				CLANG_WARN_INFINITE_RECURSION = YES;
				CLANG_WARN_INT_CONVERSION = YES;
				CLANG_WARN_NON_LITERAL_NULL_CONVERSION = YES;
				CLANG_WARN_OBJC_IMPLICIT_RETAIN_SELF = YES;
				CLANG_WARN_OBJC_LITERAL_CONVERSION = YES;
				CLANG_WARN_OBJC_ROOT_CLASS = YES_ERROR;
				CLANG_WARN_QUOTED_INCLUDE_IN_FRAMEWORK_HEADER = YES;
				CLANG_WARN_RANGE_LOOP_ANALYSIS = YES;
				CLANG_WARN_STRICT_PROTOTYPES = YES;
				CLANG_WARN_SUSPICIOUS_MOVE = YES;
				CLANG_WARN_UNGUARDED_AVAILABILITY = YES_AGGRESSIVE;
				CLANG_WARN_UNREACHABLE_CODE = YES;
				CLANG_WARN__DUPLICATE_METHOD_MATCH = YES;
				COPY_PHASE_STRIP = NO;
				CURRENT_PROJECT_VERSION = 4;
				DEBUG_INFORMATION_FORMAT = "dwarf-with-dsym";
				ENABLE_NS_ASSERTIONS = NO;
				ENABLE_STRICT_OBJC_MSGSEND = YES;
				GCC_C_LANGUAGE_STANDARD = gnu11;
				GCC_NO_COMMON_BLOCKS = YES;
				GCC_WARN_64_TO_32_BIT_CONVERSION = YES;
				GCC_WARN_ABOUT_RETURN_TYPE = YES_ERROR;
				GCC_WARN_UNDECLARED_SELECTOR = YES;
				GCC_WARN_UNINITIALIZED_AUTOS = YES_AGGRESSIVE;
				GCC_WARN_UNUSED_FUNCTION = YES;
				GCC_WARN_UNUSED_VARIABLE = YES;
				INFOPLIST_KEY_NSHumanReadableCopyright = "Copyright © 2026 leogottadothebest. All rights reserved.";
				MACOSX_DEPLOYMENT_TARGET = 26.0;
				MARKETING_VERSION = 2.0.0;
				MTL_ENABLE_DEBUG_INFO = NO;
				MTL_FAST_MATH = YES;
				PRODUCT_NAME = "$(TARGET_NAME)";
				SDKROOT = macosx;
				SWIFT_COMPILATION_MODE = wholemodule;
				SWIFT_OPTIMIZATION_LEVEL = "-O";
				SWIFT_VERSION = 6.0;
			};
			name = Release;
		};
		724CD5981B1038910F0413C3 /* Debug */ = {
			isa = XCBuildConfiguration;
			buildSettings = {
				ARCHS = arm64;
				ASSETCATALOG_COMPILER_APPICON_NAME = AppIcon;
				CODE_SIGN_ENTITLEMENTS = AutoToggle/AutoToggle.entitlements;
				CODE_SIGN_IDENTITY = "-";
				CODE_SIGN_STYLE = Manual;
				COMBINE_HIDPI_IMAGES = YES;
				ENABLE_HARDENED_RUNTIME = YES;
				EXCLUDED_ARCHS = x86_64;
				GENERATE_INFOPLIST_FILE = NO;
				INFOPLIST_FILE = AutoToggle/Info.plist;
				LD_RUNPATH_SEARCH_PATHS = (
					"$(inherited)",
					"@executable_path/../Frameworks",
				);
				PRODUCT_BUNDLE_IDENTIFIER = com.autotoggle.app;
				SDKROOT = macosx;
			};
			name = Debug;
		};
		7DEFA749273DBA9367A42754 /* Release */ = {
			isa = XCBuildConfiguration;
			buildSettings = {
				ARCHS = arm64;
				ASSETCATALOG_COMPILER_APPICON_NAME = AppIcon;
				CODE_SIGN_ENTITLEMENTS = AutoToggle/AutoToggle.entitlements;
				CODE_SIGN_IDENTITY = "AutoToggle Development";
				CODE_SIGN_INJECT_BASE_ENTITLEMENTS = NO;
				CODE_SIGN_STYLE = Manual;
				COMBINE_HIDPI_IMAGES = YES;
				ENABLE_HARDENED_RUNTIME = YES;
				EXCLUDED_ARCHS = x86_64;
				GENERATE_INFOPLIST_FILE = NO;
				INFOPLIST_FILE = AutoToggle/Info.plist;
				LD_RUNPATH_SEARCH_PATHS = (
					"$(inherited)",
					"@executable_path/../Frameworks",
				);
				PRODUCT_BUNDLE_IDENTIFIER = com.autotoggle.app;
				SDKROOT = macosx;
			};
			name = Release;
		};
		961786417A83F66D76C1A578 /* Release */ = {
			isa = XCBuildConfiguration;
			buildSettings = {
				BUNDLE_LOADER = "$(TEST_HOST)";
				COMBINE_HIDPI_IMAGES = YES;
				GENERATE_INFOPLIST_FILE = YES;
				LD_RUNPATH_SEARCH_PATHS = (
					"$(inherited)",
					"@executable_path/../Frameworks",
					"@loader_path/../Frameworks",
				);
				PRODUCT_BUNDLE_IDENTIFIER = com.autotoggle.app.tests;
				SDKROOT = macosx;
				TEST_HOST = "$(BUILT_PRODUCTS_DIR)/AutoToggle.app/Contents/MacOS/AutoToggle";
			};
			name = Release;
		};
		CE4D00D1241776AE4C209A1A /* Debug */ = {
			isa = XCBuildConfiguration;
			buildSettings = {
				BUNDLE_LOADER = "$(TEST_HOST)";
				COMBINE_HIDPI_IMAGES = YES;
				GENERATE_INFOPLIST_FILE = YES;
				LD_RUNPATH_SEARCH_PATHS = (
					"$(inherited)",
					"@executable_path/../Frameworks",
					"@loader_path/../Frameworks",
				);
				PRODUCT_BUNDLE_IDENTIFIER = com.autotoggle.app.tests;
				SDKROOT = macosx;
				TEST_HOST = "$(BUILT_PRODUCTS_DIR)/AutoToggle.app/Contents/MacOS/AutoToggle";
			};
			name = Debug;
		};
		FD3112AFF75451E95A89BC25 /* Debug */ = {
			isa = XCBuildConfiguration;
			buildSettings = {
				ALWAYS_SEARCH_USER_PATHS = NO;
				CLANG_ANALYZER_NONNULL = YES;
				CLANG_ANALYZER_NUMBER_OBJECT_CONVERSION = YES_AGGRESSIVE;
				CLANG_CXX_LANGUAGE_STANDARD = "gnu++14";
				CLANG_CXX_LIBRARY = "libc++";
				CLANG_ENABLE_MODULES = YES;
				CLANG_ENABLE_OBJC_ARC = YES;
				CLANG_ENABLE_OBJC_WEAK = YES;
				CLANG_WARN_BLOCK_CAPTURE_AUTORELEASING = YES;
				CLANG_WARN_BOOL_CONVERSION = YES;
				CLANG_WARN_COMMA = YES;
				CLANG_WARN_CONSTANT_CONVERSION = YES;
				CLANG_WARN_DEPRECATED_OBJC_IMPLEMENTATIONS = YES;
				CLANG_WARN_DIRECT_OBJC_ISA_USAGE = YES_ERROR;
				CLANG_WARN_DOCUMENTATION_COMMENTS = YES;
				CLANG_WARN_EMPTY_BODY = YES;
				CLANG_WARN_ENUM_CONVERSION = YES;
				CLANG_WARN_INFINITE_RECURSION = YES;
				CLANG_WARN_INT_CONVERSION = YES;
				CLANG_WARN_NON_LITERAL_NULL_CONVERSION = YES;
				CLANG_WARN_OBJC_IMPLICIT_RETAIN_SELF = YES;
				CLANG_WARN_OBJC_LITERAL_CONVERSION = YES;
				CLANG_WARN_OBJC_ROOT_CLASS = YES_ERROR;
				CLANG_WARN_QUOTED_INCLUDE_IN_FRAMEWORK_HEADER = YES;
				CLANG_WARN_RANGE_LOOP_ANALYSIS = YES;
				CLANG_WARN_STRICT_PROTOTYPES = YES;
				CLANG_WARN_SUSPICIOUS_MOVE = YES;
				CLANG_WARN_UNGUARDED_AVAILABILITY = YES_AGGRESSIVE;
				CLANG_WARN_UNREACHABLE_CODE = YES;
				CLANG_WARN__DUPLICATE_METHOD_MATCH = YES;
				COPY_PHASE_STRIP = NO;
				CURRENT_PROJECT_VERSION = 4;
				DEBUG_INFORMATION_FORMAT = dwarf;
				ENABLE_STRICT_OBJC_MSGSEND = YES;
				ENABLE_TESTABILITY = YES;
				GCC_C_LANGUAGE_STANDARD = gnu11;
				GCC_DYNAMIC_NO_PIC = NO;
				GCC_NO_COMMON_BLOCKS = YES;
				GCC_OPTIMIZATION_LEVEL = 0;
				GCC_PREPROCESSOR_DEFINITIONS = (
					"$(inherited)",
					"DEBUG=1",
				);
				GCC_WARN_64_TO_32_BIT_CONVERSION = YES;
				GCC_WARN_ABOUT_RETURN_TYPE = YES_ERROR;
				GCC_WARN_UNDECLARED_SELECTOR = YES;
				GCC_WARN_UNINITIALIZED_AUTOS = YES_AGGRESSIVE;
				GCC_WARN_UNUSED_FUNCTION = YES;
				GCC_WARN_UNUSED_VARIABLE = YES;
				INFOPLIST_KEY_NSHumanReadableCopyright = "Copyright © 2026 leogottadothebest. All rights reserved.";
				MACOSX_DEPLOYMENT_TARGET = 26.0;
				MARKETING_VERSION = 2.0.0;
				MTL_ENABLE_DEBUG_INFO = INCLUDE_SOURCE;
				MTL_FAST_MATH = YES;
				ONLY_ACTIVE_ARCH = YES;
				PRODUCT_NAME = "$(TARGET_NAME)";
				SDKROOT = macosx;
				SWIFT_ACTIVE_COMPILATION_CONDITIONS = DEBUG;
				SWIFT_OPTIMIZATION_LEVEL = "-Onone";
				SWIFT_VERSION = 6.0;
			};
			name = Debug;
		};
/* End XCBuildConfiguration section */

/* Begin XCConfigurationList section */
		89219E71D3F75C74C0A084E7 /* Build configuration list for PBXProject "AutoToggle" */ = {
			isa = XCConfigurationList;
			buildConfigurations = (
				FD3112AFF75451E95A89BC25 /* Debug */,
				62679022E420655F495E5D0D /* Release */,
			);
			defaultConfigurationIsVisible = 0;
			defaultConfigurationName = Debug;
		};
		AD3C2395B7B589C65E1688FB /* Build configuration list for PBXNativeTarget "AutoToggle" */ = {
			isa = XCConfigurationList;
			buildConfigurations = (
				724CD5981B1038910F0413C3 /* Debug */,
				7DEFA749273DBA9367A42754 /* Release */,
			);
			defaultConfigurationIsVisible = 0;
			defaultConfigurationName = Debug;
		};
		DD3B4489F2D330189BF76BA2 /* Build configuration list for PBXNativeTarget "AutoToggleTests" */ = {
			isa = XCConfigurationList;
			buildConfigurations = (
				CE4D00D1241776AE4C209A1A /* Debug */,
				961786417A83F66D76C1A578 /* Release */,
			);
			defaultConfigurationIsVisible = 0;
			defaultConfigurationName = Debug;
		};
/* End XCConfigurationList section */

/* Begin XCRemoteSwiftPackageReference section */
		004B994EF3AF11C1C022F99B /* XCRemoteSwiftPackageReference "Sparkle" */ = {
			isa = XCRemoteSwiftPackageReference;
			repositoryURL = "https://github.com/sparkle-project/Sparkle";
			requirement = {
				kind = exactVersion;
				version = 2.9.5;
			};
		};
/* End XCRemoteSwiftPackageReference section */

/* Begin XCSwiftPackageProductDependency section */
		7E743872C0529B531D434AF2 /* Sparkle */ = {
			isa = XCSwiftPackageProductDependency;
			package = 004B994EF3AF11C1C022F99B /* XCRemoteSwiftPackageReference "Sparkle" */;
			productName = Sparkle;
		};
/* End XCSwiftPackageProductDependency section */
	};
	rootObject = 3095CC4C294F556E88F0C547 /* Project object */;
}
